# THIS IS AN AUTOGENERATED FILE. DO NOT EDIT THIS FILE DIRECTLY.
# yarn lockfile v1


"@biomejs/biome@^1.7.3":
  version "1.7.3"
  resolved "https://registry.yarnpkg.com/@biomejs/biome/-/biome-1.7.3.tgz#847a317b63c811534fc8108389b7a9fae8803eed"
  integrity sha512-ogFQI+fpXftr+tiahA6bIXwZ7CSikygASdqMtH07J2cUzrpjyTMVc9Y97v23c7/tL1xCZhM+W9k4hYIBm7Q6cQ==
  optionalDependencies:
    "@biomejs/cli-darwin-arm64" "1.7.3"
    "@biomejs/cli-darwin-x64" "1.7.3"
    "@biomejs/cli-linux-arm64" "1.7.3"
    "@biomejs/cli-linux-arm64-musl" "1.7.3"
    "@biomejs/cli-linux-x64" "1.7.3"
    "@biomejs/cli-linux-x64-musl" "1.7.3"
    "@biomejs/cli-win32-arm64" "1.7.3"
    "@biomejs/cli-win32-x64" "1.7.3"

"@biomejs/cli-darwin-arm64@1.7.3":
  version "1.7.3"
  resolved "https://registry.yarnpkg.com/@biomejs/cli-darwin-arm64/-/cli-darwin-arm64-1.7.3.tgz#0b0f568f6fd2153aa1a53bddd0a55355df381952"
  integrity sha512-eDvLQWmGRqrPIRY7AIrkPHkQ3visEItJKkPYSHCscSDdGvKzYjmBJwG1Gu8+QC5ed6R7eiU63LEC0APFBobmfQ==

"@biomejs/cli-darwin-x64@1.7.3":
  version "1.7.3"
  resolved "https://registry.yarnpkg.com/@biomejs/cli-darwin-x64/-/cli-darwin-x64-1.7.3.tgz#0eb0e9da1f869e65e6ce98a007a3341bb1c88446"
  integrity sha512-JXCaIseKRER7dIURsVlAJacnm8SG5I0RpxZ4ya3dudASYUc68WGl4+FEN03ABY3KMIq7hcK1tzsJiWlmXyosZg==

"@biomejs/cli-linux-arm64-musl@1.7.3":
  version "1.7.3"
  resolved "https://registry.yarnpkg.com/@biomejs/cli-linux-arm64-musl/-/cli-linux-arm64-musl-1.7.3.tgz#e098110cc11552857ba46cae1e00e68805c1718a"
  integrity sha512-c8AlO45PNFZ1BYcwaKzdt46kYbuP6xPGuGQ6h4j3XiEDpyseRRUy/h+6gxj07XovmyxKnSX9GSZ6nVbZvcVUAw==

"@biomejs/cli-linux-arm64@1.7.3":
  version "1.7.3"
  resolved "https://registry.yarnpkg.com/@biomejs/cli-linux-arm64/-/cli-linux-arm64-1.7.3.tgz#9e53c14acd7190ebd1e8b0a2f5a54083c118ce72"
  integrity sha512-phNTBpo7joDFastnmZsFjYcDYobLTx4qR4oPvc9tJ486Bd1SfEVPHEvJdNJrMwUQK56T+TRClOQd/8X1nnjA9w==

"@biomejs/cli-linux-x64-musl@1.7.3":
  version "1.7.3"
  resolved "https://registry.yarnpkg.com/@biomejs/cli-linux-x64-musl/-/cli-linux-x64-musl-1.7.3.tgz#f27d4a267f69e663797e3204e51a373f3e33bc30"
  integrity sha512-UdEHKtYGWEX3eDmVWvQeT+z05T9/Sdt2+F/7zmMOFQ7boANeX8pcO6EkJPK3wxMudrApsNEKT26rzqK6sZRTRA==

"@biomejs/cli-linux-x64@1.7.3":
  version "1.7.3"
  resolved "https://registry.yarnpkg.com/@biomejs/cli-linux-x64/-/cli-linux-x64-1.7.3.tgz#7112b22e32a8626d0f11d92e43d0cc034c50723d"
  integrity sha512-vnedYcd5p4keT3iD48oSKjOIRPYcjSNNbd8MO1bKo9ajg3GwQXZLAH+0Cvlr+eMsO67/HddWmscSQwTFrC/uPA==

"@biomejs/cli-win32-arm64@1.7.3":
  version "1.7.3"
  resolved "https://registry.yarnpkg.com/@biomejs/cli-win32-arm64/-/cli-win32-arm64-1.7.3.tgz#91bed8a3ae3433c3feb6a11816b0eb19b60801ef"
  integrity sha512-unNCDqUKjujYkkSxs7gFIfdasttbDC4+z0kYmcqzRk6yWVoQBL4dNLcCbdnJS+qvVDNdI9rHp2NwpQ0WAdla4Q==

"@biomejs/cli-win32-x64@1.7.3":
  version "1.7.3"
  resolved "https://registry.yarnpkg.com/@biomejs/cli-win32-x64/-/cli-win32-x64-1.7.3.tgz#41b65a940a360abb4a3205949370153ffe30c7de"
  integrity sha512-ZmByhbrnmz/UUFYB622CECwhKIPjJLLPr5zr3edhu04LzbfcOrz16VYeNq5dpO1ADG70FORhAJkaIGdaVBG00w==

turbo-darwin-64@1.13.3:
  version "1.13.3"
  resolved "https://registry.yarnpkg.com/turbo-darwin-64/-/turbo-darwin-64-1.13.3.tgz#01d750e0f9ce4fced510357f1a9f7fe6312756ba"
  integrity sha512-glup8Qx1qEFB5jerAnXbS8WrL92OKyMmg5Hnd4PleLljAeYmx+cmmnsmLT7tpaVZIN58EAAwu8wHC6kIIqhbWA==

turbo-darwin-arm64@1.13.3:
  version "1.13.3"
  resolved "https://registry.yarnpkg.com/turbo-darwin-arm64/-/turbo-darwin-arm64-1.13.3.tgz#a99950c8aff83d14070eeca987b0ee53dc881b2d"
  integrity sha512-/np2xD+f/+9qY8BVtuOQXRq5f9LehCFxamiQnwdqWm5iZmdjygC5T3uVSYuagVFsZKMvX3ycySwh8dylGTl6lg==

turbo-linux-64@1.13.3:
  version "1.13.3"
  resolved "https://registry.yarnpkg.com/turbo-linux-64/-/turbo-linux-64-1.13.3.tgz#a8ea12c3d79f5bbc78b2ef37f47019edb8928219"
  integrity sha512-G+HGrau54iAnbXLfl+N/PynqpDwi/uDzb6iM9hXEDG+yJnSJxaHMShhOkXYJPk9offm9prH33Khx2scXrYVW1g==

turbo-linux-arm64@1.13.3:
  version "1.13.3"
  resolved "https://registry.yarnpkg.com/turbo-linux-arm64/-/turbo-linux-arm64-1.13.3.tgz#e8691ebfab0e31e276020deee83b3866b4eb966f"
  integrity sha512-qWwEl5VR02NqRyl68/3pwp3c/olZuSp+vwlwrunuoNTm6JXGLG5pTeme4zoHNnk0qn4cCX7DFrOboArlYxv0wQ==

turbo-windows-64@1.13.3:
  version "1.13.3"
  resolved "https://registry.yarnpkg.com/turbo-windows-64/-/turbo-windows-64-1.13.3.tgz#6629174c8f654e75c342a0e1b826620cb6e2795b"
  integrity sha512-Nudr4bRChfJzBPzEmpVV85VwUYRCGKecwkBFpbp2a4NtrJ3+UP1VZES653ckqCu2FRyRuS0n03v9euMbAvzH+Q==

turbo-windows-arm64@1.13.3:
  version "1.13.3"
  resolved "https://registry.yarnpkg.com/turbo-windows-arm64/-/turbo-windows-arm64-1.13.3.tgz#327b8c87d8a01533deb3b7c3a108855aa7b6611d"
  integrity sha512-ouJCgsVLd3icjRLmRvHQDDZnmGzT64GBupM1Y+TjtYn2LVaEBoV6hicFy8x5DUpnqdLy+YpCzRMkWlwhmkX7sQ==

turbo@1.13.3:
  version "1.13.3"
  resolved "https://registry.yarnpkg.com/turbo/-/turbo-1.13.3.tgz#afb7bee4fa9f5b6041dac5b4a7d35fb98f279827"
  integrity sha512-n17HJv4F4CpsYTvKzUJhLbyewbXjq1oLCi90i5tW1TiWDz16ML1eDG7wi5dHaKxzh5efIM56SITnuVbMq5dk4g==
  optionalDependencies:
    turbo-darwin-64 "1.13.3"
    turbo-darwin-arm64 "1.13.3"
    turbo-linux-64 "1.13.3"
    turbo-linux-arm64 "1.13.3"
    turbo-windows-64 "1.13.3"
    turbo-windows-arm64 "1.13.3"

typescript@5.4.5:
  version "5.4.5"
  resolved "https://registry.yarnpkg.com/typescript/-/typescript-5.4.5.tgz#42ccef2c571fdbd0f6718b1d1f5e6e5ef006f611"
  integrity sha512-vcI4UpRgg81oIRUFwR0WSIHKt11nJ7SAVlYNIu+QpqeyXP+gpQJy/Z4+F0aGxSE4MqwjyXvW/TzgkLAx2AGHwQ==
